
Microsoft Visual Studio Solution File, Format Version 12.00
# Visual Studio Version 17
VisualStudioVersion = 17.14.36908.2 d17.14
MinimumVisualStudioVersion = 10.0.40219.1
Project("{FAE04EC0-301F-11D3-BF4B-00C04F79EFBC}") = "workTimeTracker", "workTimeTracker\workTimeTracker.csproj", "{69B83618-473F-4BFC-89E4-2840F4857706}"
EndProject
Global
	GlobalSection(SolutionConfigurationPlatforms) = preSolution
		Debug|Any CPU = Debug|Any CPU
		Release|Any CPU = Release|Any CPU
	EndGlobalSection
	GlobalSection(ProjectConfigurationPlatforms) = postSolution
		{69B83618-473F-4BFC-89E4-2840F4857706}.Debug|Any CPU.ActiveCfg = Debug|Any CPU
		{69B83618-473F-4BFC-89E4-2840F4857706}.Debug|Any CPU.Build.0 = Debug|Any CPU
		{69B83618-473F-4BFC-89E4-2840F4857706}.Release|Any CPU.ActiveCfg = Release|Any CPU
		{69B83618-473F-4BFC-89E4-2840F4857706}.Release|Any CPU.Build.0 = Release|Any CPU
	EndGlobalSection
	GlobalSection(SolutionProperties) = preSolution
		HideSolutionNode = FALSE
	EndGlobalSection
	GlobalSection(ExtensibilityGlobals) = postSolution
		SolutionGuid = {27D7CCE0-8504-4AC5-A5C7-A854C61E2DD0}
	EndGlobalSection
EndGlobal
